
Microsoft Visual Studio Solution File, Format Version 12.00
# Visual Studio Version 16
VisualStudioVersion = 16.0.30503.244
MinimumVisualStudioVersion = 10.0.40219.1
Project("{9A19103F-16F7-4668-BE54-9A1E7A4F7556}") = "ExpenseTracker.Api", "ExpenseTracker.Api\ExpenseTracker.Api.csproj", "{2063587C-560F-4474-9BBE-DC3B727D9053}"
EndProject
Project("{9A19103F-16F7-4668-BE54-9A1E7A4F7556}") = "ExpenseTracker.Client", "ExpenseTracker.Client\ExpenseTracker.Client.csproj", "{6CCCAB88-5E60-41F3-BA45-AD82D1697F95}"
EndProject
Project("{9A19103F-16F7-4668-BE54-9A1E7A4F7556}") = "ExpenseTracker.Domain", "ExpenseTracker.Domain\ExpenseTracker.Domain.csproj", "{28FC2F95-461F-4791-B742-1A46D558EA8C}"
EndProject
Global
	GlobalSection(SolutionConfigurationPlatforms) = preSolution
		Debug|Any CPU = Debug|Any CPU
		Release|Any CPU = Release|Any CPU
	EndGlobalSection
	GlobalSection(ProjectConfigurationPlatforms) = postSolution
		{2063587C-560F-4474-9BBE-DC3B727D9053}.Debug|Any CPU.ActiveCfg = Debug|Any CPU
		{2063587C-560F-4474-9BBE-DC3B727D9053}.Debug|Any CPU.Build.0 = Debug|Any CPU
		{2063587C-560F-4474-9BBE-DC3B727D9053}.Release|Any CPU.ActiveCfg = Release|Any CPU
		{2063587C-560F-4474-9BBE-DC3B727D9053}.Release|Any CPU.Build.0 = Release|Any CPU
		{6CCCAB88-5E60-41F3-BA45-AD82D1697F95}.Debug|Any CPU.ActiveCfg = Debug|Any CPU
		{6CCCAB88-5E60-41F3-BA45-AD82D1697F95}.Debug|Any CPU.Build.0 = Debug|Any CPU
		{6CCCAB88-5E60-41F3-BA45-AD82D1697F95}.Release|Any CPU.ActiveCfg = Release|Any CPU
		{6CCCAB88-5E60-41F3-BA45-AD82D1697F95}.Release|Any CPU.Build.0 = Release|Any CPU
		{28FC2F95-461F-4791-B742-1A46D558EA8C}.Debug|Any CPU.ActiveCfg = Debug|Any CPU
		{28FC2F95-461F-4791-B742-1A46D558EA8C}.Debug|Any CPU.Build.0 = Debug|Any CPU
		{28FC2F95-461F-4791-B742-1A46D558EA8C}.Release|Any CPU.ActiveCfg = Release|Any CPU
		{28FC2F95-461F-4791-B742-1A46D558EA8C}.Release|Any CPU.Build.0 = Release|Any CPU
	EndGlobalSection
	GlobalSection(SolutionProperties) = preSolution
		HideSolutionNode = FALSE
	EndGlobalSection
	GlobalSection(ExtensibilityGlobals) = postSolution
		SolutionGuid = {F8267BF4-7CFC-4490-8E9A-B4C8E734FDE0}
	EndGlobalSection
EndGlobal
